
Microsoft Visual Studio Solution File, Format Version 12.00
# Visual Studio Version 16
VisualStudioVersion = 16.0.29201.188
MinimumVisualStudioVersion = 10.0.40219.1
Project("{FAE04EC0-301F-11D3-BF4B-00C04F79EFBC}") = "Reti.NewCondeco.DAL", "Reti.NewCondeco\Reti.NewCondeco.DAL.csproj", "{59438A35-FE47-43C5-B591-4302E3D5392F}"
EndProject
Project("{00D1A9C2-B5F0-4AF3-8072-F6C62B433612}") = "Reti.NewCondeco.Database", "Reti.NewCondeco.Database\Reti.NewCondeco.Database.sqlproj", "{5EACBE64-515C-4740-9014-AEEE53D2311E}"
EndProject
Global
	GlobalSection(SolutionConfigurationPlatforms) = preSolution
		Debug|Any CPU = Debug|Any CPU
		Release|Any CPU = Release|Any CPU
	EndGlobalSection
	GlobalSection(ProjectConfigurationPlatforms) = postSolution
		{59438A35-FE47-43C5-B591-4302E3D5392F}.Debug|Any CPU.ActiveCfg = Debug|Any CPU
		{59438A35-FE47-43C5-B591-4302E3D5392F}.Debug|Any CPU.Build.0 = Debug|Any CPU
		{59438A35-FE47-43C5-B591-4302E3D5392F}.Release|Any CPU.ActiveCfg = Release|Any CPU
		{59438A35-FE47-43C5-B591-4302E3D5392F}.Release|Any CPU.Build.0 = Release|Any CPU
		{5EACBE64-515C-4740-9014-AEEE53D2311E}.Debug|Any CPU.ActiveCfg = Debug|Any CPU
		{5EACBE64-515C-4740-9014-AEEE53D2311E}.Debug|Any CPU.Build.0 = Debug|Any CPU
		{5EACBE64-515C-4740-9014-AEEE53D2311E}.Debug|Any CPU.Deploy.0 = Debug|Any CPU
		{5EACBE64-515C-4740-9014-AEEE53D2311E}.Release|Any CPU.ActiveCfg = Release|Any CPU
		{5EACBE64-515C-4740-9014-AEEE53D2311E}.Release|Any CPU.Build.0 = Release|Any CPU
		{5EACBE64-515C-4740-9014-AEEE53D2311E}.Release|Any CPU.Deploy.0 = Release|Any CPU
	EndGlobalSection
	GlobalSection(SolutionProperties) = preSolution
		HideSolutionNode = FALSE
	EndGlobalSection
	GlobalSection(ExtensibilityGlobals) = postSolution
		SolutionGuid = {42C525FE-B151-441C-A6DE-E5D73BFA336D}
	EndGlobalSection
EndGlobal
